// !$*UTF8*$!
{
	archiveVersion = 1;
	classes = {
	};
	objectVersion = 50;
	objects = {

/* Begin PBXBuildFile section */
		D3093EEB217EBBC9000C42FF /* AppDelegate.swift in Sources */ = {isa = PBXBuildFile; fileRef = D3093EEA217EBBC9000C42FF /* AppDelegate.swift */; };
		D3093EED217EBBC9000C42FF /* ViewController.swift in Sources */ = {isa = PBXBuildFile; fileRef = D3093EEC217EBBC9000C42FF /* ViewController.swift */; };
		D3093EF0217EBBC9000C42FF /* Main.storyboard in Resources */ = {isa = PBXBuildFile; fileRef = D3093EEE217EBBC9000C42FF /* Main.storyboard */; };
		D3093EF2217EBBCB000C42FF /* Assets.xcassets in Resources */ = {isa = PBXBuildFile; fileRef = D3093EF1217EBBCB000C42FF /* Assets.xcassets */; };
		D3093EF5217EBBCB000C42FF /* LaunchScreen.storyboard in Resources */ = {isa = PBXBuildFile; fileRef = D3093EF3217EBBCB000C42FF /* LaunchScreen.storyboard */; };
		D3093F03217EBC44000C42FF /* LQWaveCircleProgressView.swift in Sources */ = {isa = PBXBuildFile; fileRef = D3093F02217EBC44000C42FF /* LQWaveCircleProgressView.swift */; };
/* End PBXBuildFile section */

/* Begin PBXFileReference section */
		D3093EE7217EBBC9000C42FF /* TestDemo_Swift.app */ = {isa = PBXFileReference; explicitFileType = wrapper.application; includeInIndex = 0; path = TestDemo_Swift.app; sourceTree = BUILT_PRODUCTS_DIR; };
		D3093EEA217EBBC9000C42FF /* AppDelegate.swift */ = {isa = PBXFileReference; lastKnownFileType = sourcecode.swift; path = AppDelegate.swift; sourceTree = "<group>"; };
		D3093EEC217EBBC9000C42FF /* ViewController.swift */ = {isa = PBXFileReference; lastKnownFileType = sourcecode.swift; path = ViewController.swift; sourceTree = "<group>"; };
		D3093EEF217EBBC9000C42FF /* Base */ = {isa = PBXFileReference; lastKnownFileType = file.storyboard; name = Base; path = Base.lproj/Main.storyboard; sourceTree = "<group>"; };
		D3093EF1217EBBCB000C42FF /* Assets.xcassets */ = {isa = PBXFileReference; lastKnownFileType = folder.assetcatalog; path = Assets.xcassets; sourceTree = "<group>"; };
		D3093EF4217EBBCB000C42FF /* Base */ = {isa = PBXFileReference; lastKnownFileType = file.storyboard; name = Base; path = Base.lproj/LaunchScreen.storyboard; sourceTree = "<group>"; };
		D3093EF6217EBBCB000C42FF /* Info.plist */ = {isa = PBXFileReference; lastKnownFileType = text.plist.xml; path = Info.plist; sourceTree = "<group>"; };
		D3093F02217EBC44000C42FF /* LQWaveCircleProgressView.swift */ = {isa = PBXFileReference; lastKnownFileType = sourcecode.swift; path = LQWaveCircleProgressView.swift; sourceTree = "<group>"; };
/* End PBXFileReference section */

/* Begin PBXFrameworksBuildPhase section */
		D3093EE4217EBBC9000C42FF /* Frameworks */ = {
			isa = PBXFrameworksBuildPhase;
			buildActionMask = 2147483647;
			files = (
			);
			runOnlyForDeploymentPostprocessing = 0;
		};
/* End PBXFrameworksBuildPhase section */

/* Begin PBXGroup section */
		D3093EDE217EBBC9000C42FF = {
			isa = PBXGroup;
			children = (
				D3093EE9217EBBC9000C42FF /* TestDemo_Swift */,
				D3093EE8217EBBC9000C42FF /* Products */,
			);
			sourceTree = "<group>";
		};
		D3093EE8217EBBC9000C42FF /* Products */ = {
			isa = PBXGroup;
			children = (
				D3093EE7217EBBC9000C42FF /* TestDemo_Swift.app */,
			);
			name = Products;
			sourceTree = "<group>";
		};
		D3093EE9217EBBC9000C42FF /* TestDemo_Swift */ = {
			isa = PBXGroup;
			children = (
				D3093EFE217EBC19000C42FF /* LQWaveCircleProgressView */,
				D3093EEA217EBBC9000C42FF /* AppDelegate.swift */,
				D3093EEC217EBBC9000C42FF /* ViewController.swift */,
				D3093EEE217EBBC9000C42FF /* Main.storyboard */,
				D3093EF1217EBBCB000C42FF /* Assets.xcassets */,
				D3093EF3217EBBCB000C42FF /* LaunchScreen.storyboard */,
				D3093EF6217EBBCB000C42FF /* Info.plist */,
			);
			path = TestDemo_Swift;
			sourceTree = "<group>";
		};
		D3093EFE217EBC19000C42FF /* LQWaveCircleProgressView */ = {
			isa = PBXGroup;
			children = (
				D3093F02217EBC44000C42FF /* LQWaveCircleProgressView.swift */,
			);
			name = LQWaveCircleProgressView;
			path = ../../LQWaveCircleProgressView;
			sourceTree = "<group>";
		};
/* End PBXGroup section */

/* Begin PBXNativeTarget section */
		D3093EE6217EBBC9000C42FF /* TestDemo_Swift */ = {
			isa = PBXNativeTarget;
			buildConfigurationList = D3093EF9217EBBCB000C42FF /* Build configuration list for PBXNativeTarget "TestDemo_Swift" */;
			buildPhases = (
				D3093EE3217EBBC9000C42FF /* Sources */,
				D3093EE4217EBBC9000C42FF /* Frameworks */,
				D3093EE5217EBBC9000C42FF /* Resources */,
			);
			buildRules = (
			);
			dependencies = (
			);
			name = TestDemo_Swift;
			productName = TestDemo_Swift;
			productReference = D3093EE7217EBBC9000C42FF /* TestDemo_Swift.app */;
			productType = "com.apple.product-type.application";
		};
/* End PBXNativeTarget section */

/* Begin PBXProject section */
		D3093EDF217EBBC9000C42FF /* Project object */ = {
			isa = PBXProject;
			attributes = {
				LastSwiftUpdateCheck = 1000;
				LastUpgradeCheck = 1000;
				ORGANIZATIONNAME = hhh;
				TargetAttributes = {
					D3093EE6217EBBC9000C42FF = {
						CreatedOnToolsVersion = 10.0;
					};
				};
			};
			buildConfigurationList = D3093EE2217EBBC9000C42FF /* Build configuration list for PBXProject "TestDemo_Swift" */;
			compatibilityVersion = "Xcode 9.3";
			developmentRegion = en;
			hasScannedForEncodings = 0;
			knownRegions = (
				en,
				Base,
			);
			mainGroup = D3093EDE217EBBC9000C42FF;
			productRefGroup = D3093EE8217EBBC9000C42FF /* Products */;
			projectDirPath = "";
			projectRoot = "";
			targets = (
				D3093EE6217EBBC9000C42FF /* TestDemo_Swift */,
			);
		};
/* End PBXProject section */

/* Begin PBXResourcesBuildPhase section */
		D3093EE5217EBBC9000C42FF /* Resources */ = {
			isa = PBXResourcesBuildPhase;
			buildActionMask = 2147483647;
			files = (
				D3093EF5217EBBCB000C42FF /* LaunchScreen.storyboard in Resources */,
				D3093EF2217EBBCB000C42FF /* Assets.xcassets in Resources */,
				D3093EF0217EBBC9000C42FF /* Main.storyboard in Resources */,
			);
			runOnlyForDeploymentPostprocessing = 0;
		};
/* End PBXResourcesBuildPhase section */

/* Begin PBXSourcesBuildPhase section */
		D3093EE3217EBBC9000C42FF /* Sources */ = {
			isa = PBXSourcesBuildPhase;
			buildActionMask = 2147483647;
			files = (
				D3093EED217EBBC9000C42FF /* ViewController.swift in Sources */,
				D3093EEB217EBBC9000C42FF /* AppDelegate.swift in Sources */,
				D3093F03217EBC44000C42FF /* LQWaveCircleProgressView.swift in Sources */,
			);
			runOnlyForDeploymentPostprocessing = 0;
		};
/* End PBXSourcesBuildPhase section */

/* Begin PBXVariantGroup section */
		D3093EEE217EBBC9000C42FF /* Main.storyboard */ = {
			isa = PBXVariantGroup;
			children = (
				D3093EEF217EBBC9000C42FF /* Base */,
			);
			name = Main.storyboard;
			sourceTree = "<group>";
		};
		D3093EF3217EBBCB000C42FF /* LaunchScreen.storyboard */ = {
			isa = PBXVariantGroup;
			children = (
				D3093EF4217EBBCB000C42FF /* Base */,
			);
			name = LaunchScreen.storyboard;
			sourceTree = "<group>";
		};
/* End PBXVariantGroup section */

/* Begin XCBuildConfiguration section */
		D3093EF7217EBBCB000C42FF /* Debug */ = {
			isa = XCBuildConfiguration;
			buildSettings = {
				ALWAYS_SEARCH_USER_PATHS = NO;
				CLANG_ANALYZER_NONNULL = YES;
				CLANG_ANALYZER_NUMBER_OBJECT_CONVERSION = YES_AGGRESSIVE;
				CLANG_CXX_LANGUAGE_STANDARD = "gnu++14";
				CLANG_CXX_LIBRARY = "libc++";
				CLANG_ENABLE_MODULES = YES;
				CLANG_ENABLE_OBJC_ARC = YES;
				CLANG_ENABLE_OBJC_WEAK = YES;
				CLANG_WARN_BLOCK_CAPTURE_AUTORELEASING = YES;
				CLANG_WARN_BOOL_CONVERSION = YES;
				CLANG_WARN_COMMA = YES;
				CLANG_WARN_CONSTANT_CONVERSION = YES;
				CLANG_WARN_DEPRECATED_OBJC_IMPLEMENTATIONS = YES;
				CLANG_WARN_DIRECT_OBJC_ISA_USAGE = YES_ERROR;
				CLANG_WARN_DOCUMENTATION_COMMENTS = YES;
				CLANG_WARN_EMPTY_BODY = YES;
				CLANG_WARN_ENUM_CONVERSION = YES;
				CLANG_WARN_INFINITE_RECURSION = YES;
				CLANG_WARN_INT_CONVERSION = YES;
				CLANG_WARN_NON_LITERAL_NULL_CONVERSION = YES;
				CLANG_WARN_OBJC_IMPLICIT_RETAIN_SELF = YES;
				CLANG_WARN_OBJC_LITERAL_CONVERSION = YES;
				CLANG_WARN_OBJC_ROOT_CLASS = YES_ERROR;
				CLANG_WARN_RANGE_LOOP_ANALYSIS = YES;
				CLANG_WARN_STRICT_PROTOTYPES = YES;
				CLANG_WARN_SUSPICIOUS_MOVE = YES;
				CLANG_WARN_UNGUARDED_AVAILABILITY = YES_AGGRESSIVE;
				CLANG_WARN_UNREACHABLE_CODE = YES;
				CLANG_WARN__DUPLICATE_METHOD_MATCH = YES;
				CODE_SIGN_IDENTITY = "iPhone Developer";
				COPY_PHASE_STRIP = NO;
				DEBUG_INFORMATION_FORMAT = dwarf;
				ENABLE_STRICT_OBJC_MSGSEND = YES;
				ENABLE_TESTABILITY = YES;
				GCC_C_LANGUAGE_STANDARD = gnu11;
				GCC_DYNAMIC_NO_PIC = NO;
				GCC_NO_COMMON_BLOCKS = YES;
				GCC_OPTIMIZATION_LEVEL = 0;
				GCC_PREPROCESSOR_DEFINITIONS = (
					"DEBUG=1",
					"$(inherited)",
				);
				GCC_WARN_64_TO_32_BIT_CONVERSION = YES;
				GCC_WARN_ABOUT_RETURN_TYPE = YES_ERROR;
				GCC_WARN_UNDECLARED_SELECTOR = YES;
				GCC_WARN_UNINITIALIZED_AUTOS = YES_AGGRESSIVE;
				GCC_WARN_UNUSED_FUNCTION = YES;
				GCC_WARN_UNUSED_VARIABLE = YES;
				IPHONEOS_DEPLOYMENT_TARGET = 12.0;
				MTL_ENABLE_DEBUG_INFO = INCLUDE_SOURCE;
				MTL_FAST_MATH = YES;
				ONLY_ACTIVE_ARCH = YES;
				SDKROOT = iphoneos;
				SWIFT_ACTIVE_COMPILATION_CONDITIONS = DEBUG;
				SWIFT_OPTIMIZATION_LEVEL = "-Onone";
			};
			name = Debug;
		};
		D3093EF8217EBBCB000C42FF /* Release */ = {
			isa = XCBuildConfiguration;
			buildSettings = {
				ALWAYS_SEARCH_USER_PATHS = NO;
				CLANG_ANALYZER_NONNULL = YES;
				CLANG_ANALYZER_NUMBER_OBJECT_CONVERSION = YES_AGGRESSIVE;
				CLANG_CXX_LANGUAGE_STANDARD = "gnu++14";
				CLANG_CXX_LIBRARY = "libc++";
				CLANG_ENABLE_MODULES = YES;
				CLANG_ENABLE_OBJC_ARC = YES;
				CLANG_ENABLE_OBJC_WEAK = YES;
				CLANG_WARN_BLOCK_CAPTURE_AUTORELEASING = YES;
				CLANG_WARN_BOOL_CONVERSION = YES;
				CLANG_WARN_COMMA = YES;
				CLANG_WARN_CONSTANT_CONVERSION = YES;
				CLANG_WARN_DEPRECATED_OBJC_IMPLEMENTATIONS = YES;
				CLANG_WARN_DIRECT_OBJC_ISA_USAGE = YES_ERROR;
				CLANG_WARN_DOCUMENTATION_COMMENTS = YES;
				CLANG_WARN_EMPTY_BODY = YES;
				CLANG_WARN_ENUM_CONVERSION = YES;
				CLANG_WARN_INFINITE_RECURSION = YES;
				CLANG_WARN_INT_CONVERSION = YES;
				CLANG_WARN_NON_LITERAL_NULL_CONVERSION = YES;
				CLANG_WARN_OBJC_IMPLICIT_RETAIN_SELF = YES;
				CLANG_WARN_OBJC_LITERAL_CONVERSION = YES;
				CLANG_WARN_OBJC_ROOT_CLASS = YES_ERROR;
				CLANG_WARN_RANGE_LOOP_ANALYSIS = YES;
				CLANG_WARN_STRICT_PROTOTYPES = YES;
				CLANG_WARN_SUSPICIOUS_MOVE = YES;
				CLANG_WARN_UNGUARDED_AVAILABILITY = YES_AGGRESSIVE;
				CLANG_WARN_UNREACHABLE_CODE = YES;
				CLANG_WARN__DUPLICATE_METHOD_MATCH = YES;
				CODE_SIGN_IDENTITY = "iPhone Developer";
				COPY_PHASE_STRIP = NO;
				DEBUG_INFORMATION_FORMAT = "dwarf-with-dsym";
				ENABLE_NS_ASSERTIONS = NO;
				ENABLE_STRICT_OBJC_MSGSEND = YES;
				GCC_C_LANGUAGE_STANDARD = gnu11;
				GCC_NO_COMMON_BLOCKS = YES;
				GCC_WARN_64_TO_32_BIT_CONVERSION = YES;
				GCC_WARN_ABOUT_RETURN_TYPE = YES_ERROR;
				GCC_WARN_UNDECLARED_SELECTOR = YES;
				GCC_WARN_UNINITIALIZED_AUTOS = YES_AGGRESSIVE;
				GCC_WARN_UNUSED_FUNCTION = YES;
				GCC_WARN_UNUSED_VARIABLE = YES;
				IPHONEOS_DEPLOYMENT_TARGET = 12.0;
				MTL_ENABLE_DEBUG_INFO = NO;
				MTL_FAST_MATH = YES;
				SDKROOT = iphoneos;
				SWIFT_COMPILATION_MODE = wholemodule;
				SWIFT_OPTIMIZATION_LEVEL = "-O";
				VALIDATE_PRODUCT = YES;
			};
			name = Release;
		};
		D3093EFA217EBBCB000C42FF /* Debug */ = {
			isa = XCBuildConfiguration;
			buildSettings = {
				ASSETCATALOG_COMPILER_APPICON_NAME = AppIcon;
				CODE_SIGN_STYLE = Automatic;
				DEVELOPMENT_TEAM = XNAG35B36V;
				INFOPLIST_FILE = TestDemo_Swift/Info.plist;
				LD_RUNPATH_SEARCH_PATHS = (
					"$(inherited)",
					"@executable_path/Frameworks",
				);
				PRODUCT_BUNDLE_IDENTIFIER = "hhh.TestDemo-Swift";
				PRODUCT_NAME = "$(TARGET_NAME)";
				SWIFT_VERSION = 4.2;
				TARGETED_DEVICE_FAMILY = "1,2";
			};
			name = Debug;
		};
		D3093EFB217EBBCB000C42FF /* Release */ = {
			isa = XCBuildConfiguration;
			buildSettings = {
				ASSETCATALOG_COMPILER_APPICON_NAME = AppIcon;
				CODE_SIGN_STYLE = Automatic;
				DEVELOPMENT_TEAM = XNAG35B36V;
				INFOPLIST_FILE = TestDemo_Swift/Info.plist;
				LD_RUNPATH_SEARCH_PATHS = (
					"$(inherited)",
					"@executable_path/Frameworks",
				);
				PRODUCT_BUNDLE_IDENTIFIER = "hhh.TestDemo-Swift";
				PRODUCT_NAME = "$(TARGET_NAME)";
				SWIFT_VERSION = 4.2;
				TARGETED_DEVICE_FAMILY = "1,2";
			};
			name = Release;
		};
/* End XCBuildConfiguration section */

/* Begin XCConfigurationList section */
		D3093EE2217EBBC9000C42FF /* Build configuration list for PBXProject "TestDemo_Swift" */ = {
			isa = XCConfigurationList;
			buildConfigurations = (
				D3093EF7217EBBCB000C42FF /* Debug */,
				D3093EF8217EBBCB000C42FF /* Release */,
			);
			defaultConfigurationIsVisible = 0;
			defaultConfigurationName = Release;
		};
		D3093EF9217EBBCB000C42FF /* Build configuration list for PBXNativeTarget "TestDemo_Swift" */ = {
			isa = XCConfigurationList;
			buildConfigurations = (
				D3093EFA217EBBCB000C42FF /* Debug */,
				D3093EFB217EBBCB000C42FF /* Release */,
			);
			defaultConfigurationIsVisible = 0;
			defaultConfigurationName = Release;
		};
/* End XCConfigurationList section */
	};
	rootObject = D3093EDF217EBBC9000C42FF /* Project object */;
}
